
Microsoft Visual Studio Solution File, Format Version 12.00
# Visual Studio 14
VisualStudioVersion = 14.0.25420.1
MinimumVisualStudioVersion = 10.0.40219.1
Project("{FAE04EC0-301F-11D3-BF4B-00C04F79EFBC}") = "BitcoinCurrencyApp", "BitcoinCurrencyApp\BitcoinCurrencyApp\BitcoinCurrencyApp.csproj", "{74CF2151-CEA8-458B-BE53-34F5BBFC4BDE}"
EndProject
Project("{FAE04EC0-301F-11D3-BF4B-00C04F79EFBC}") = "BitcoinCurrencyApp.Droid", "BitcoinCurrencyApp\BitcoinCurrencyApp.Droid\BitcoinCurrencyApp.Droid.csproj", "{0E30907F-43A5-4459-B987-0D5673B7E262}"
EndProject
Project("{FAE04EC0-301F-11D3-BF4B-00C04F79EFBC}") = "BitcoinCurrencyApp.iOS", "BitcoinCurrencyApp\BitcoinCurrencyApp.iOS\BitcoinCurrencyApp.iOS.csproj", "{B35D5EC9-AA54-4619-BCDD-C8375E52C469}"
EndProject
Global
	GlobalSection(SolutionConfigurationPlatforms) = preSolution
		Ad-Hoc|Any CPU = Ad-Hoc|Any CPU
		Ad-Hoc|ARM = Ad-Hoc|ARM
		Ad-Hoc|iPhone = Ad-Hoc|iPhone
		Ad-Hoc|iPhoneSimulator = Ad-Hoc|iPhoneSimulator
		Ad-Hoc|x64 = Ad-Hoc|x64
		Ad-Hoc|x86 = Ad-Hoc|x86
		AppStore|Any CPU = AppStore|Any CPU
		AppStore|ARM = AppStore|ARM
		AppStore|iPhone = AppStore|iPhone
		AppStore|iPhoneSimulator = AppStore|iPhoneSimulator
		AppStore|x64 = AppStore|x64
		AppStore|x86 = AppStore|x86
		Debug|Any CPU = Debug|Any CPU
		Debug|ARM = Debug|ARM
		Debug|iPhone = Debug|iPhone
		Debug|iPhoneSimulator = Debug|iPhoneSimulator
		Debug|x64 = Debug|x64
		Debug|x86 = Debug|x86
		Release|Any CPU = Release|Any CPU
		Release|ARM = Release|ARM
		Release|iPhone = Release|iPhone
		Release|iPhoneSimulator = Release|iPhoneSimulator
		Release|x64 = Release|x64
		Release|x86 = Release|x86
	EndGlobalSection
	GlobalSection(ProjectConfigurationPlatforms) = postSolution
		{74CF2151-CEA8-458B-BE53-34F5BBFC4BDE}.Ad-Hoc|Any CPU.ActiveCfg = Release|Any CPU
		{74CF2151-CEA8-458B-BE53-34F5BBFC4BDE}.Ad-Hoc|Any CPU.Build.0 = Release|Any CPU
		{74CF2151-CEA8-458B-BE53-34F5BBFC4BDE}.Ad-Hoc|ARM.ActiveCfg = Release|Any CPU
		{74CF2151-CEA8-458B-BE53-34F5BBFC4BDE}.Ad-Hoc|ARM.Build.0 = Release|Any CPU
		{74CF2151-CEA8-458B-BE53-34F5BBFC4BDE}.Ad-Hoc|iPhone.ActiveCfg = Release|Any CPU
		{74CF2151-CEA8-458B-BE53-34F5BBFC4BDE}.Ad-Hoc|iPhone.Build.0 = Release|Any CPU
		{74CF2151-CEA8-458B-BE53-34F5BBFC4BDE}.Ad-Hoc|iPhoneSimulator.ActiveCfg = Release|Any CPU
		{74CF2151-CEA8-458B-BE53-34F5BBFC4BDE}.Ad-Hoc|iPhoneSimulator.Build.0 = Release|Any CPU
		{74CF2151-CEA8-458B-BE53-34F5BBFC4BDE}.Ad-Hoc|x64.ActiveCfg = Release|Any CPU
		{74CF2151-CEA8-458B-BE53-34F5BBFC4BDE}.Ad-Hoc|x64.Build.0 = Release|Any CPU
		{74CF2151-CEA8-458B-BE53-34F5BBFC4BDE}.Ad-Hoc|x86.ActiveCfg = Release|Any CPU
		{74CF2151-CEA8-458B-BE53-34F5BBFC4BDE}.Ad-Hoc|x86.Build.0 = Release|Any CPU
		{74CF2151-CEA8-458B-BE53-34F5BBFC4BDE}.AppStore|Any CPU.ActiveCfg = Release|Any CPU
		{74CF2151-CEA8-458B-BE53-34F5BBFC4BDE}.AppStore|Any CPU.Build.0 = Release|Any CPU
		{74CF2151-CEA8-458B-BE53-34F5BBFC4BDE}.AppStore|ARM.ActiveCfg = Release|Any CPU
		{74CF2151-CEA8-458B-BE53-34F5BBFC4BDE}.AppStore|ARM.Build.0 = Release|Any CPU
		{74CF2151-CEA8-458B-BE53-34F5BBFC4BDE}.AppStore|iPhone.ActiveCfg = Release|Any CPU
		{74CF2151-CEA8-458B-BE53-34F5BBFC4BDE}.AppStore|iPhone.Build.0 = Release|Any CPU
		{74CF2151-CEA8-458B-BE53-34F5BBFC4BDE}.AppStore|iPhoneSimulator.ActiveCfg = Release|Any CPU
		{74CF2151-CEA8-458B-BE53-34F5BBFC4BDE}.AppStore|iPhoneSimulator.Build.0 = Release|Any CPU
		{74CF2151-CEA8-458B-BE53-34F5BBFC4BDE}.AppStore|x64.ActiveCfg = Release|Any CPU
		{74CF2151-CEA8-458B-BE53-34F5BBFC4BDE}.AppStore|x64.Build.0 = Release|Any CPU
		{74CF2151-CEA8-458B-BE53-34F5BBFC4BDE}.AppStore|x86.ActiveCfg = Release|Any CPU
		{74CF2151-CEA8-458B-BE53-34F5BBFC4BDE}.AppStore|x86.Build.0 = Release|Any CPU
		{74CF2151-CEA8-458B-BE53-34F5BBFC4BDE}.Debug|Any CPU.ActiveCfg = Debug|Any CPU
		{74CF2151-CEA8-458B-BE53-34F5BBFC4BDE}.Debug|Any CPU.Build.0 = Debug|Any CPU
		{74CF2151-CEA8-458B-BE53-34F5BBFC4BDE}.Debug|ARM.ActiveCfg = Debug|Any CPU
		{74CF2151-CEA8-458B-BE53-34F5BBFC4BDE}.Debug|ARM.Build.0 = Debug|Any CPU
		{74CF2151-CEA8-458B-BE53-34F5BBFC4BDE}.Debug|iPhone.ActiveCfg = Debug|Any CPU
		{74CF2151-CEA8-458B-BE53-34F5BBFC4BDE}.Debug|iPhone.Build.0 = Debug|Any CPU
		{74CF2151-CEA8-458B-BE53-34F5BBFC4BDE}.Debug|iPhoneSimulator.ActiveCfg = Debug|Any CPU
		{74CF2151-CEA8-458B-BE53-34F5BBFC4BDE}.Debug|iPhoneSimulator.Build.0 = Debug|Any CPU
		{74CF2151-CEA8-458B-BE53-34F5BBFC4BDE}.Debug|x64.ActiveCfg = Debug|Any CPU
		{74CF2151-CEA8-458B-BE53-34F5BBFC4BDE}.Debug|x64.Build.0 = Debug|Any CPU
		{74CF2151-CEA8-458B-BE53-34F5BBFC4BDE}.Debug|x86.ActiveCfg = Debug|Any CPU
		{74CF2151-CEA8-458B-BE53-34F5BBFC4BDE}.Debug|x86.Build.0 = Debug|Any CPU
		{74CF2151-CEA8-458B-BE53-34F5BBFC4BDE}.Release|Any CPU.ActiveCfg = Release|Any CPU
		{74CF2151-CEA8-458B-BE53-34F5BBFC4BDE}.Release|Any CPU.Build.0 = Release|Any CPU
		{74CF2151-CEA8-458B-BE53-34F5BBFC4BDE}.Release|ARM.ActiveCfg = Release|Any CPU
		{74CF2151-CEA8-458B-BE53-34F5BBFC4BDE}.Release|ARM.Build.0 = Release|Any CPU
		{74CF2151-CEA8-458B-BE53-34F5BBFC4BDE}.Release|iPhone.ActiveCfg = Release|Any CPU
		{74CF2151-CEA8-458B-BE53-34F5BBFC4BDE}.Release|iPhone.Build.0 = Release|Any CPU
		{74CF2151-CEA8-458B-BE53-34F5BBFC4BDE}.Release|iPhoneSimulator.ActiveCfg = Release|Any CPU
		{74CF2151-CEA8-458B-BE53-34F5BBFC4BDE}.Release|iPhoneSimulator.Build.0 = Release|Any CPU
		{74CF2151-CEA8-458B-BE53-34F5BBFC4BDE}.Release|x64.ActiveCfg = Release|Any CPU
		{74CF2151-CEA8-458B-BE53-34F5BBFC4BDE}.Release|x64.Build.0 = Release|Any CPU
		{74CF2151-CEA8-458B-BE53-34F5BBFC4BDE}.Release|x86.ActiveCfg = Release|Any CPU
		{74CF2151-CEA8-458B-BE53-34F5BBFC4BDE}.Release|x86.Build.0 = Release|Any CPU
		{0E30907F-43A5-4459-B987-0D5673B7E262}.Ad-Hoc|Any CPU.ActiveCfg = Release|Any CPU
		{0E30907F-43A5-4459-B987-0D5673B7E262}.Ad-Hoc|Any CPU.Build.0 = Release|Any CPU
		{0E30907F-43A5-4459-B987-0D5673B7E262}.Ad-Hoc|Any CPU.Deploy.0 = Release|Any CPU
		{0E30907F-43A5-4459-B987-0D5673B7E262}.Ad-Hoc|ARM.ActiveCfg = Release|Any CPU
		{0E30907F-43A5-4459-B987-0D5673B7E262}.Ad-Hoc|ARM.Build.0 = Release|Any CPU
		{0E30907F-43A5-4459-B987-0D5673B7E262}.Ad-Hoc|ARM.Deploy.0 = Release|Any CPU
		{0E30907F-43A5-4459-B987-0D5673B7E262}.Ad-Hoc|iPhone.ActiveCfg = Release|Any CPU
		{0E30907F-43A5-4459-B987-0D5673B7E262}.Ad-Hoc|iPhone.Build.0 = Release|Any CPU
		{0E30907F-43A5-4459-B987-0D5673B7E262}.Ad-Hoc|iPhone.Deploy.0 = Release|Any CPU
		{0E30907F-43A5-4459-B987-0D5673B7E262}.Ad-Hoc|iPhoneSimulator.ActiveCfg = Release|Any CPU
		{0E30907F-43A5-4459-B987-0D5673B7E262}.Ad-Hoc|iPhoneSimulator.Build.0 = Release|Any CPU
		{0E30907F-43A5-4459-B987-0D5673B7E262}.Ad-Hoc|iPhoneSimulator.Deploy.0 = Release|Any CPU
		{0E30907F-43A5-4459-B987-0D5673B7E262}.Ad-Hoc|x64.ActiveCfg = Release|Any CPU
		{0E30907F-43A5-4459-B987-0D5673B7E262}.Ad-Hoc|x64.Build.0 = Release|Any CPU
		{0E30907F-43A5-4459-B987-0D5673B7E262}.Ad-Hoc|x64.Deploy.0 = Release|Any CPU
		{0E30907F-43A5-4459-B987-0D5673B7E262}.Ad-Hoc|x86.ActiveCfg = Release|Any CPU
		{0E30907F-43A5-4459-B987-0D5673B7E262}.Ad-Hoc|x86.Build.0 = Release|Any CPU
		{0E30907F-43A5-4459-B987-0D5673B7E262}.Ad-Hoc|x86.Deploy.0 = Release|Any CPU
		{0E30907F-43A5-4459-B987-0D5673B7E262}.AppStore|Any CPU.ActiveCfg = Release|Any CPU
		{0E30907F-43A5-4459-B987-0D5673B7E262}.AppStore|Any CPU.Build.0 = Release|Any CPU
		{0E30907F-43A5-4459-B987-0D5673B7E262}.AppStore|Any CPU.Deploy.0 = Release|Any CPU
		{0E30907F-43A5-4459-B987-0D5673B7E262}.AppStore|ARM.ActiveCfg = Release|Any CPU
		{0E30907F-43A5-4459-B987-0D5673B7E262}.AppStore|ARM.Build.0 = Release|Any CPU
		{0E30907F-43A5-4459-B987-0D5673B7E262}.AppStore|ARM.Deploy.0 = Release|Any CPU
		{0E30907F-43A5-4459-B987-0D5673B7E262}.AppStore|iPhone.ActiveCfg = Release|Any CPU
		{0E30907F-43A5-4459-B987-0D5673B7E262}.AppStore|iPhone.Build.0 = Release|Any CPU
		{0E30907F-43A5-4459-B987-0D5673B7E262}.AppStore|iPhone.Deploy.0 = Release|Any CPU
		{0E30907F-43A5-4459-B987-0D5673B7E262}.AppStore|iPhoneSimulator.ActiveCfg = Release|Any CPU
		{0E30907F-43A5-4459-B987-0D5673B7E262}.AppStore|iPhoneSimulator.Build.0 = Release|Any CPU
		{0E30907F-43A5-4459-B987-0D5673B7E262}.AppStore|iPhoneSimulator.Deploy.0 = Release|Any CPU
		{0E30907F-43A5-4459-B987-0D5673B7E262}.AppStore|x64.ActiveCfg = Release|Any CPU
		{0E30907F-43A5-4459-B987-0D5673B7E262}.AppStore|x64.Build.0 = Release|Any CPU
		{0E30907F-43A5-4459-B987-0D5673B7E262}.AppStore|x64.Deploy.0 = Release|Any CPU
		{0E30907F-43A5-4459-B987-0D5673B7E262}.AppStore|x86.ActiveCfg = Release|Any CPU
		{0E30907F-43A5-4459-B987-0D5673B7E262}.AppStore|x86.Build.0 = Release|Any CPU
		{0E30907F-43A5-4459-B987-0D5673B7E262}.AppStore|x86.Deploy.0 = Release|Any CPU
		{0E30907F-43A5-4459-B987-0D5673B7E262}.Debug|Any CPU.ActiveCfg = Debug|Any CPU
		{0E30907F-43A5-4459-B987-0D5673B7E262}.Debug|Any CPU.Build.0 = Debug|Any CPU
		{0E30907F-43A5-4459-B987-0D5673B7E262}.Debug|Any CPU.Deploy.0 = Debug|Any CPU
		{0E30907F-43A5-4459-B987-0D5673B7E262}.Debug|ARM.ActiveCfg = Debug|Any CPU
		{0E30907F-43A5-4459-B987-0D5673B7E262}.Debug|ARM.Build.0 = Debug|Any CPU
		{0E30907F-43A5-4459-B987-0D5673B7E262}.Debug|ARM.Deploy.0 = Debug|Any CPU
		{0E30907F-43A5-4459-B987-0D5673B7E262}.Debug|iPhone.ActiveCfg = Debug|Any CPU
		{0E30907F-43A5-4459-B987-0D5673B7E262}.Debug|iPhone.Build.0 = Debug|Any CPU
		{0E30907F-43A5-4459-B987-0D5673B7E262}.Debug|iPhone.Deploy.0 = Debug|Any CPU
		{0E30907F-43A5-4459-B987-0D5673B7E262}.Debug|iPhoneSimulator.ActiveCfg = Debug|Any CPU
		{0E30907F-43A5-4459-B987-0D5673B7E262}.Debug|iPhoneSimulator.Build.0 = Debug|Any CPU
		{0E30907F-43A5-4459-B987-0D5673B7E262}.Debug|iPhoneSimulator.Deploy.0 = Debug|Any CPU
		{0E30907F-43A5-4459-B987-0D5673B7E262}.Debug|x64.ActiveCfg = Debug|Any CPU
		{0E30907F-43A5-4459-B987-0D5673B7E262}.Debug|x64.Build.0 = Debug|Any CPU
		{0E30907F-43A5-4459-B987-0D5673B7E262}.Debug|x64.Deploy.0 = Debug|Any CPU
		{0E30907F-43A5-4459-B987-0D5673B7E262}.Debug|x86.ActiveCfg = Debug|Any CPU
		{0E30907F-43A5-4459-B987-0D5673B7E262}.Debug|x86.Build.0 = Debug|Any CPU
		{0E30907F-43A5-4459-B987-0D5673B7E262}.Debug|x86.Deploy.0 = Debug|Any CPU
		{0E30907F-43A5-4459-B987-0D5673B7E262}.Release|Any CPU.ActiveCfg = Release|Any CPU
		{0E30907F-43A5-4459-B987-0D5673B7E262}.Release|Any CPU.Build.0 = Release|Any CPU
		{0E30907F-43A5-4459-B987-0D5673B7E262}.Release|Any CPU.Deploy.0 = Release|Any CPU
		{0E30907F-43A5-4459-B987-0D5673B7E262}.Release|ARM.ActiveCfg = Release|Any CPU
		{0E30907F-43A5-4459-B987-0D5673B7E262}.Release|ARM.Build.0 = Release|Any CPU
		{0E30907F-43A5-4459-B987-0D5673B7E262}.Release|ARM.Deploy.0 = Release|Any CPU
		{0E30907F-43A5-4459-B987-0D5673B7E262}.Release|iPhone.ActiveCfg = Release|Any CPU
		{0E30907F-43A5-4459-B987-0D5673B7E262}.Release|iPhone.Build.0 = Release|Any CPU
		{0E30907F-43A5-4459-B987-0D5673B7E262}.Release|iPhone.Deploy.0 = Release|Any CPU
		{0E30907F-43A5-4459-B987-0D5673B7E262}.Release|iPhoneSimulator.ActiveCfg = Release|Any CPU
		{0E30907F-43A5-4459-B987-0D5673B7E262}.Release|iPhoneSimulator.Build.0 = Release|Any CPU
		{0E30907F-43A5-4459-B987-0D5673B7E262}.Release|iPhoneSimulator.Deploy.0 = Release|Any CPU
		{0E30907F-43A5-4459-B987-0D5673B7E262}.Release|x64.ActiveCfg = Release|Any CPU
		{0E30907F-43A5-4459-B987-0D5673B7E262}.Release|x64.Build.0 = Release|Any CPU
		{0E30907F-43A5-4459-B987-0D5673B7E262}.Release|x64.Deploy.0 = Release|Any CPU
		{0E30907F-43A5-4459-B987-0D5673B7E262}.Release|x86.ActiveCfg = Release|Any CPU
		{0E30907F-43A5-4459-B987-0D5673B7E262}.Release|x86.Build.0 = Release|Any CPU
		{0E30907F-43A5-4459-B987-0D5673B7E262}.Release|x86.Deploy.0 = Release|Any CPU
		{B35D5EC9-AA54-4619-BCDD-C8375E52C469}.Ad-Hoc|Any CPU.ActiveCfg = Ad-Hoc|iPhone
		{B35D5EC9-AA54-4619-BCDD-C8375E52C469}.Ad-Hoc|ARM.ActiveCfg = Ad-Hoc|iPhone
		{B35D5EC9-AA54-4619-BCDD-C8375E52C469}.Ad-Hoc|iPhone.ActiveCfg = Ad-Hoc|iPhone
		{B35D5EC9-AA54-4619-BCDD-C8375E52C469}.Ad-Hoc|iPhone.Build.0 = Ad-Hoc|iPhone
		{B35D5EC9-AA54-4619-BCDD-C8375E52C469}.Ad-Hoc|iPhoneSimulator.ActiveCfg = Ad-Hoc|iPhoneSimulator
		{B35D5EC9-AA54-4619-BCDD-C8375E52C469}.Ad-Hoc|iPhoneSimulator.Build.0 = Ad-Hoc|iPhoneSimulator
		{B35D5EC9-AA54-4619-BCDD-C8375E52C469}.Ad-Hoc|x64.ActiveCfg = Ad-Hoc|iPhone
		{B35D5EC9-AA54-4619-BCDD-C8375E52C469}.Ad-Hoc|x86.ActiveCfg = Ad-Hoc|iPhone
		{B35D5EC9-AA54-4619-BCDD-C8375E52C469}.AppStore|Any CPU.ActiveCfg = AppStore|iPhone
		{B35D5EC9-AA54-4619-BCDD-C8375E52C469}.AppStore|ARM.ActiveCfg = AppStore|iPhone
		{B35D5EC9-AA54-4619-BCDD-C8375E52C469}.AppStore|iPhone.ActiveCfg = AppStore|iPhone
		{B35D5EC9-AA54-4619-BCDD-C8375E52C469}.AppStore|iPhone.Build.0 = AppStore|iPhone
		{B35D5EC9-AA54-4619-BCDD-C8375E52C469}.AppStore|iPhoneSimulator.ActiveCfg = AppStore|iPhoneSimulator
		{B35D5EC9-AA54-4619-BCDD-C8375E52C469}.AppStore|iPhoneSimulator.Build.0 = AppStore|iPhoneSimulator
		{B35D5EC9-AA54-4619-BCDD-C8375E52C469}.AppStore|x64.ActiveCfg = AppStore|iPhone
		{B35D5EC9-AA54-4619-BCDD-C8375E52C469}.AppStore|x86.ActiveCfg = AppStore|iPhone
		{B35D5EC9-AA54-4619-BCDD-C8375E52C469}.Debug|Any CPU.ActiveCfg = Debug|iPhone
		{B35D5EC9-AA54-4619-BCDD-C8375E52C469}.Debug|ARM.ActiveCfg = Debug|iPhone
		{B35D5EC9-AA54-4619-BCDD-C8375E52C469}.Debug|iPhone.ActiveCfg = Debug|iPhone
		{B35D5EC9-AA54-4619-BCDD-C8375E52C469}.Debug|iPhone.Build.0 = Debug|iPhone
		{B35D5EC9-AA54-4619-BCDD-C8375E52C469}.Debug|iPhoneSimulator.ActiveCfg = Debug|iPhoneSimulator
		{B35D5EC9-AA54-4619-BCDD-C8375E52C469}.Debug|iPhoneSimulator.Build.0 = Debug|iPhoneSimulator
		{B35D5EC9-AA54-4619-BCDD-C8375E52C469}.Debug|x64.ActiveCfg = Debug|iPhone
		{B35D5EC9-AA54-4619-BCDD-C8375E52C469}.Debug|x86.ActiveCfg = Debug|iPhone
		{B35D5EC9-AA54-4619-BCDD-C8375E52C469}.Release|Any CPU.ActiveCfg = Release|iPhone
		{B35D5EC9-AA54-4619-BCDD-C8375E52C469}.Release|ARM.ActiveCfg = Release|iPhone
		{B35D5EC9-AA54-4619-BCDD-C8375E52C469}.Release|iPhone.ActiveCfg = Release|iPhone
		{B35D5EC9-AA54-4619-BCDD-C8375E52C469}.Release|iPhone.Build.0 = Release|iPhone
		{B35D5EC9-AA54-4619-BCDD-C8375E52C469}.Release|iPhoneSimulator.ActiveCfg = Release|iPhoneSimulator
		{B35D5EC9-AA54-4619-BCDD-C8375E52C469}.Release|iPhoneSimulator.Build.0 = Release|iPhoneSimulator
		{B35D5EC9-AA54-4619-BCDD-C8375E52C469}.Release|x64.ActiveCfg = Release|iPhone
		{B35D5EC9-AA54-4619-BCDD-C8375E52C469}.Release|x86.ActiveCfg = Release|iPhone
	EndGlobalSection
	GlobalSection(SolutionProperties) = preSolution
		HideSolutionNode = FALSE
	EndGlobalSection
EndGlobal
